// !$*UTF8*$!
{
	archiveVersion = 1;
	classes = {
	};
	objectVersion = 77;
	objects = {

/* Begin PBXBuildFile section */
		50305F6F2E4318AC00CE3DA1 /* ContentView.swift in Sources */ = {isa = PBXBuildFile; fileRef = 50305F682E4318AC00CE3DA1 /* ContentView.swift */; };
/* End PBXBuildFile section */

/* Begin PBXContainerItemProxy section */
		5058E1332E38A31D00B97168 /* PBXContainerItemProxy */ = {
			isa = PBXContainerItemProxy;
			containerPortal = 5058E11D2E38A31C00B97168 /* Project object */;
			proxyType = 1;
			remoteGlobalIDString = 5058E1242E38A31C00B97168;
			remoteInfo = QuestView;
		};
		5058E13D2E38A31D00B97168 /* PBXContainerItemProxy */ = {
			isa = PBXContainerItemProxy;
			containerPortal = 5058E11D2E38A31C00B97168 /* Project object */;
			proxyType = 1;
			remoteGlobalIDString = 5058E1242E38A31C00B97168;
			remoteInfo = QuestView;
		};
/* End PBXContainerItemProxy section */

/* Begin PBXFileReference section */
		50305F682E4318AC00CE3DA1 /* ContentView.swift */ = {isa = PBXFileReference; lastKnownFileType = sourcecode.swift; path = ContentView.swift; sourceTree = "<group>"; };
		5058E1252E38A31C00B97168 /* QuestView.app */ = {isa = PBXFileReference; explicitFileType = wrapper.application; includeInIndex = 0; path = QuestView.app; sourceTree = BUILT_PRODUCTS_DIR; };
		5058E1322E38A31D00B97168 /* QuestViewTests.xctest */ = {isa = PBXFileReference; explicitFileType = wrapper.cfbundle; includeInIndex = 0; path = QuestViewTests.xctest; sourceTree = BUILT_PRODUCTS_DIR; };
		5058E13C2E38A31D00B97168 /* QuestViewUITests.xctest */ = {isa = PBXFileReference; explicitFileType = wrapper.cfbundle; includeInIndex = 0; path = QuestViewUITests.xctest; sourceTree = BUILT_PRODUCTS_DIR; };
/* End PBXFileReference section */

/* Begin PBXFileSystemSynchronizedRootGroup section */
		501B188C2E3CA77300750D68 /* Struct,Class,Protocol */ = {
			isa = PBXFileSystemSynchronizedRootGroup;
			path = "Struct,Class,Protocol";
			sourceTree = "<group>";
		};
		501B18932E3CA79200750D68 /* TableView */ = {
			isa = PBXFileSystemSynchronizedRootGroup;
			path = TableView;
			sourceTree = "<group>";
		};
		5027A2482E40753900F491C8 /* DataMemoryARC */ = {
			isa = PBXFileSystemSynchronizedRootGroup;
			path = DataMemoryARC;
			sourceTree = "<group>";
		};
		50305F862E4318E100CE3DA1 /* AsyncGeneric */ = {
			isa = PBXFileSystemSynchronizedRootGroup;
			path = AsyncGeneric;
			sourceTree = "<group>";
		};
		50305F8E2E43329A00CE3DA1 /* Combine */ = {
			isa = PBXFileSystemSynchronizedRootGroup;
			path = Combine;
			sourceTree = "<group>";
		};
		5058E1272E38A31C00B97168 /* QuestView */ = {
			isa = PBXFileSystemSynchronizedRootGroup;
			path = QuestView;
			sourceTree = "<group>";
		};
		5058E1352E38A31D00B97168 /* QuestViewTests */ = {
			isa = PBXFileSystemSynchronizedRootGroup;
			path = QuestViewTests;
			sourceTree = "<group>";
		};
		5058E13F2E38A31D00B97168 /* QuestViewUITests */ = {
			isa = PBXFileSystemSynchronizedRootGroup;
			path = QuestViewUITests;
			sourceTree = "<group>";
		};
		50ADBD462E41C8A800A9C1BA /* ClosuresOPP */ = {
			isa = PBXFileSystemSynchronizedRootGroup;
			path = ClosuresOPP;
			sourceTree = "<group>";
		};
/* End PBXFileSystemSynchronizedRootGroup section */

/* Begin PBXFrameworksBuildPhase section */
		5058E1222E38A31C00B97168 /* Frameworks */ = {
			isa = PBXFrameworksBuildPhase;
			buildActionMask = 2147483647;
			files = (
			);
			runOnlyForDeploymentPostprocessing = 0;
		};
		5058E12F2E38A31D00B97168 /* Frameworks */ = {
			isa = PBXFrameworksBuildPhase;
			buildActionMask = 2147483647;
			files = (
			);
			runOnlyForDeploymentPostprocessing = 0;
		};
		5058E1392E38A31D00B97168 /* Frameworks */ = {
			isa = PBXFrameworksBuildPhase;
			buildActionMask = 2147483647;
			files = (
			);
			runOnlyForDeploymentPostprocessing = 0;
		};
/* End PBXFrameworksBuildPhase section */

/* Begin PBXGroup section */
		5058E11C2E38A31C00B97168 = {
			isa = PBXGroup;
			children = (
				50305F862E4318E100CE3DA1 /* AsyncGeneric */,
				50305F8E2E43329A00CE3DA1 /* Combine */,
				50ADBD462E41C8A800A9C1BA /* ClosuresOPP */,
				5027A2482E40753900F491C8 /* DataMemoryARC */,
				501B188C2E3CA77300750D68 /* Struct,Class,Protocol */,
				501B18932E3CA79200750D68 /* TableView */,
				5058E1272E38A31C00B97168 /* QuestView */,
				5058E1352E38A31D00B97168 /* QuestViewTests */,
				5058E13F2E38A31D00B97168 /* QuestViewUITests */,
				50305F682E4318AC00CE3DA1 /* ContentView.swift */,
				5058E1262E38A31C00B97168 /* Products */,
			);
			sourceTree = "<group>";
		};
		5058E1262E38A31C00B97168 /* Products */ = {
			isa = PBXGroup;
			children = (
				5058E1252E38A31C00B97168 /* QuestView.app */,
				5058E1322E38A31D00B97168 /* QuestViewTests.xctest */,
				5058E13C2E38A31D00B97168 /* QuestViewUITests.xctest */,
			);
			name = Products;
			sourceTree = "<group>";
		};
/* End PBXGroup section */

/* Begin PBXNativeTarget section */
		5058E1242E38A31C00B97168 /* QuestView */ = {
			isa = PBXNativeTarget;
			buildConfigurationList = 5058E1462E38A31D00B97168 /* Build configuration list for PBXNativeTarget "QuestView" */;
			buildPhases = (
				5058E1212E38A31C00B97168 /* Sources */,
				5058E1222E38A31C00B97168 /* Frameworks */,
				5058E1232E38A31C00B97168 /* Resources */,
			);
			buildRules = (
			);
			dependencies = (
			);
			fileSystemSynchronizedGroups = (
				501B188C2E3CA77300750D68 /* Struct,Class,Protocol */,
				501B18932E3CA79200750D68 /* TableView */,
				5027A2482E40753900F491C8 /* DataMemoryARC */,
				50305F862E4318E100CE3DA1 /* AsyncGeneric */,
				50305F8E2E43329A00CE3DA1 /* Combine */,
				5058E1272E38A31C00B97168 /* QuestView */,
				50ADBD462E41C8A800A9C1BA /* ClosuresOPP */,
			);
			name = QuestView;
			packageProductDependencies = (
			);
			productName = QuestView;
			productReference = 5058E1252E38A31C00B97168 /* QuestView.app */;
			productType = "com.apple.product-type.application";
		};
		5058E1312E38A31D00B97168 /* QuestViewTests */ = {
			isa = PBXNativeTarget;
			buildConfigurationList = 5058E1492E38A31D00B97168 /* Build configuration list for PBXNativeTarget "QuestViewTests" */;
			buildPhases = (
				5058E12E2E38A31D00B97168 /* Sources */,
				5058E12F2E38A31D00B97168 /* Frameworks */,
				5058E1302E38A31D00B97168 /* Resources */,
			);
			buildRules = (
			);
			dependencies = (
				5058E1342E38A31D00B97168 /* PBXTargetDependency */,
			);
			fileSystemSynchronizedGroups = (
				5058E1352E38A31D00B97168 /* QuestViewTests */,
			);
			name = QuestViewTests;
			packageProductDependencies = (
			);
			productName = QuestViewTests;
			productReference = 5058E1322E38A31D00B97168 /* QuestViewTests.xctest */;
			productType = "com.apple.product-type.bundle.unit-test";
		};
		5058E13B2E38A31D00B97168 /* QuestViewUITests */ = {
			isa = PBXNativeTarget;
			buildConfigurationList = 5058E14C2E38A31D00B97168 /* Build configuration list for PBXNativeTarget "QuestViewUITests" */;
			buildPhases = (
				5058E1382E38A31D00B97168 /* Sources */,
				5058E1392E38A31D00B97168 /* Frameworks */,
				5058E13A2E38A31D00B97168 /* Resources */,
			);
			buildRules = (
			);
			dependencies = (
				5058E13E2E38A31D00B97168 /* PBXTargetDependency */,
			);
			fileSystemSynchronizedGroups = (
				5058E13F2E38A31D00B97168 /* QuestViewUITests */,
			);
			name = QuestViewUITests;
			packageProductDependencies = (
			);
			productName = QuestViewUITests;
			productReference = 5058E13C2E38A31D00B97168 /* QuestViewUITests.xctest */;
			productType = "com.apple.product-type.bundle.ui-testing";
		};
/* End PBXNativeTarget section */

/* Begin PBXProject section */
		5058E11D2E38A31C00B97168 /* Project object */ = {
			isa = PBXProject;
			attributes = {
				BuildIndependentTargetsInParallel = 1;
				LastSwiftUpdateCheck = 1640;
				LastUpgradeCheck = 1640;
				TargetAttributes = {
					5058E1242E38A31C00B97168 = {
						CreatedOnToolsVersion = 16.4;
					};
					5058E1312E38A31D00B97168 = {
						CreatedOnToolsVersion = 16.4;
						TestTargetID = 5058E1242E38A31C00B97168;
					};
					5058E13B2E38A31D00B97168 = {
						CreatedOnToolsVersion = 16.4;
						TestTargetID = 5058E1242E38A31C00B97168;
					};
				};
			};
			buildConfigurationList = 5058E1202E38A31C00B97168 /* Build configuration list for PBXProject "QuestView" */;
			developmentRegion = en;
			hasScannedForEncodings = 0;
			knownRegions = (
				en,
				Base,
			);
			mainGroup = 5058E11C2E38A31C00B97168;
			minimizedProjectReferenceProxies = 1;
			preferredProjectObjectVersion = 77;
			productRefGroup = 5058E1262E38A31C00B97168 /* Products */;
			projectDirPath = "";
			projectRoot = "";
			targets = (
				5058E1242E38A31C00B97168 /* QuestView */,
				5058E1312E38A31D00B97168 /* QuestViewTests */,
				5058E13B2E38A31D00B97168 /* QuestViewUITests */,
			);
		};
/* End PBXProject section */

/* Begin PBXResourcesBuildPhase section */
		5058E1232E38A31C00B97168 /* Resources */ = {
			isa = PBXResourcesBuildPhase;
			buildActionMask = 2147483647;
			files = (
			);
			runOnlyForDeploymentPostprocessing = 0;
		};
		5058E1302E38A31D00B97168 /* Resources */ = {
			isa = PBXResourcesBuildPhase;
			buildActionMask = 2147483647;
			files = (
			);
			runOnlyForDeploymentPostprocessing = 0;
		};
		5058E13A2E38A31D00B97168 /* Resources */ = {
			isa = PBXResourcesBuildPhase;
			buildActionMask = 2147483647;
			files = (
			);
			runOnlyForDeploymentPostprocessing = 0;
		};
/* End PBXResourcesBuildPhase section */

/* Begin PBXSourcesBuildPhase section */
		5058E1212E38A31C00B97168 /* Sources */ = {
			isa = PBXSourcesBuildPhase;
			buildActionMask = 2147483647;
			files = (
				50305F6F2E4318AC00CE3DA1 /* ContentView.swift in Sources */,
			);
			runOnlyForDeploymentPostprocessing = 0;
		};
		5058E12E2E38A31D00B97168 /* Sources */ = {
			isa = PBXSourcesBuildPhase;
			buildActionMask = 2147483647;
			files = (
			);
			runOnlyForDeploymentPostprocessing = 0;
		};
		5058E1382E38A31D00B97168 /* Sources */ = {
			isa = PBXSourcesBuildPhase;
			buildActionMask = 2147483647;
			files = (
			);
			runOnlyForDeploymentPostprocessing = 0;
		};
/* End PBXSourcesBuildPhase section */

/* Begin PBXTargetDependency section */
		5058E1342E38A31D00B97168 /* PBXTargetDependency */ = {
			isa = PBXTargetDependency;
			target = 5058E1242E38A31C00B97168 /* QuestView */;
			targetProxy = 5058E1332E38A31D00B97168 /* PBXContainerItemProxy */;
		};
		5058E13E2E38A31D00B97168 /* PBXTargetDependency */ = {
			isa = PBXTargetDependency;
			target = 5058E1242E38A31C00B97168 /* QuestView */;
			targetProxy = 5058E13D2E38A31D00B97168 /* PBXContainerItemProxy */;
		};
/* End PBXTargetDependency section */

/* Begin XCBuildConfiguration section */
		5058E1442E38A31D00B97168 /* Debug */ = {
			isa = XCBuildConfiguration;
			buildSettings = {
				ALWAYS_SEARCH_USER_PATHS = NO;
				ASSETCATALOG_COMPILER_GENERATE_SWIFT_ASSET_SYMBOL_EXTENSIONS = YES;
				CLANG_ANALYZER_NONNULL = YES;
				CLANG_ANALYZER_NUMBER_OBJECT_CONVERSION = YES_AGGRESSIVE;
				CLANG_CXX_LANGUAGE_STANDARD = "gnu++20";
				CLANG_ENABLE_MODULES = YES;
				CLANG_ENABLE_OBJC_ARC = YES;
				CLANG_ENABLE_OBJC_WEAK = YES;
				CLANG_WARN_BLOCK_CAPTURE_AUTORELEASING = YES;
				CLANG_WARN_BOOL_CONVERSION = YES;
				CLANG_WARN_COMMA = YES;
				CLANG_WARN_CONSTANT_CONVERSION = YES;
				CLANG_WARN_DEPRECATED_OBJC_IMPLEMENTATIONS = YES;
				CLANG_WARN_DIRECT_OBJC_ISA_USAGE = YES_ERROR;
				CLANG_WARN_DOCUMENTATION_COMMENTS = YES;
				CLANG_WARN_EMPTY_BODY = YES;
				CLANG_WARN_ENUM_CONVERSION = YES;
				CLANG_WARN_INFINITE_RECURSION = YES;
				CLANG_WARN_INT_CONVERSION = YES;
				CLANG_WARN_NON_LITERAL_NULL_CONVERSION = YES;
				CLANG_WARN_OBJC_IMPLICIT_RETAIN_SELF = YES;
				CLANG_WARN_OBJC_LITERAL_CONVERSION = YES;
				CLANG_WARN_OBJC_ROOT_CLASS = YES_ERROR;
				CLANG_WARN_QUOTED_INCLUDE_IN_FRAMEWORK_HEADER = YES;
				CLANG_WARN_RANGE_LOOP_ANALYSIS = YES;
				CLANG_WARN_STRICT_PROTOTYPES = YES;
				CLANG_WARN_SUSPICIOUS_MOVE = YES;
				CLANG_WARN_UNGUARDED_AVAILABILITY = YES_AGGRESSIVE;
				CLANG_WARN_UNREACHABLE_CODE = YES;
				CLANG_WARN__DUPLICATE_METHOD_MATCH = YES;
				COPY_PHASE_STRIP = NO;
				DEBUG_INFORMATION_FORMAT = dwarf;
				ENABLE_STRICT_OBJC_MSGSEND = YES;
				ENABLE_TESTABILITY = YES;
				ENABLE_USER_SCRIPT_SANDBOXING = YES;
				GCC_C_LANGUAGE_STANDARD = gnu17;
				GCC_DYNAMIC_NO_PIC = NO;
				GCC_NO_COMMON_BLOCKS = YES;
				GCC_OPTIMIZATION_LEVEL = 0;
				GCC_PREPROCESSOR_DEFINITIONS = (
					"DEBUG=1",
					"$(inherited)",
				);
				GCC_WARN_64_TO_32_BIT_CONVERSION = YES;
				GCC_WARN_ABOUT_RETURN_TYPE = YES_ERROR;
				GCC_WARN_UNDECLARED_SELECTOR = YES;
				GCC_WARN_UNINITIALIZED_AUTOS = YES_AGGRESSIVE;
				GCC_WARN_UNUSED_FUNCTION = YES;
				GCC_WARN_UNUSED_VARIABLE = YES;
				IPHONEOS_DEPLOYMENT_TARGET = 18.5;
				LOCALIZATION_PREFERS_STRING_CATALOGS = YES;
				MTL_ENABLE_DEBUG_INFO = INCLUDE_SOURCE;
				MTL_FAST_MATH = YES;
				ONLY_ACTIVE_ARCH = YES;
				SDKROOT = iphoneos;
				SWIFT_ACTIVE_COMPILATION_CONDITIONS = "DEBUG $(inherited)";
				SWIFT_OPTIMIZATION_LEVEL = "-Onone";
			};
			name = Debug;
		};
		5058E1452E38A31D00B97168 /* Release */ = {
			isa = XCBuildConfiguration;
			buildSettings = {
				ALWAYS_SEARCH_USER_PATHS = NO;
				ASSETCATALOG_COMPILER_GENERATE_SWIFT_ASSET_SYMBOL_EXTENSIONS = YES;
				CLANG_ANALYZER_NONNULL = YES;
				CLANG_ANALYZER_NUMBER_OBJECT_CONVERSION = YES_AGGRESSIVE;
				CLANG_CXX_LANGUAGE_STANDARD = "gnu++20";
				CLANG_ENABLE_MODULES = YES;
				CLANG_ENABLE_OBJC_ARC = YES;
				CLANG_ENABLE_OBJC_WEAK = YES;
				CLANG_WARN_BLOCK_CAPTURE_AUTORELEASING = YES;
				CLANG_WARN_BOOL_CONVERSION = YES;
				CLANG_WARN_COMMA = YES;
				CLANG_WARN_CONSTANT_CONVERSION = YES;
				CLANG_WARN_DEPRECATED_OBJC_IMPLEMENTATIONS = YES;
				CLANG_WARN_DIRECT_OBJC_ISA_USAGE = YES_ERROR;
				CLANG_WARN_DOCUMENTATION_COMMENTS = YES;
				CLANG_WARN_EMPTY_BODY = YES;
				CLANG_WARN_ENUM_CONVERSION = YES;
				CLANG_WARN_INFINITE_RECURSION = YES;
				CLANG_WARN_INT_CONVERSION = YES;
				CLANG_WARN_NON_LITERAL_NULL_CONVERSION = YES;
				CLANG_WARN_OBJC_IMPLICIT_RETAIN_SELF = YES;
				CLANG_WARN_OBJC_LITERAL_CONVERSION = YES;
				CLANG_WARN_OBJC_ROOT_CLASS = YES_ERROR;
				CLANG_WARN_QUOTED_INCLUDE_IN_FRAMEWORK_HEADER = YES;
				CLANG_WARN_RANGE_LOOP_ANALYSIS = YES;
				CLANG_WARN_STRICT_PROTOTYPES = YES;
				CLANG_WARN_SUSPICIOUS_MOVE = YES;
				CLANG_WARN_UNGUARDED_AVAILABILITY = YES_AGGRESSIVE;
				CLANG_WARN_UNREACHABLE_CODE = YES;
				CLANG_WARN__DUPLICATE_METHOD_MATCH = YES;
				COPY_PHASE_STRIP = NO;
				DEBUG_INFORMATION_FORMAT = "dwarf-with-dsym";
				ENABLE_NS_ASSERTIONS = NO;
				ENABLE_STRICT_OBJC_MSGSEND = YES;
				ENABLE_USER_SCRIPT_SANDBOXING = YES;
				GCC_C_LANGUAGE_STANDARD = gnu17;
				GCC_NO_COMMON_BLOCKS = YES;
				GCC_WARN_64_TO_32_BIT_CONVERSION = YES;
				GCC_WARN_ABOUT_RETURN_TYPE = YES_ERROR;
				GCC_WARN_UNDECLARED_SELECTOR = YES;
				GCC_WARN_UNINITIALIZED_AUTOS = YES_AGGRESSIVE;
				GCC_WARN_UNUSED_FUNCTION = YES;
				GCC_WARN_UNUSED_VARIABLE = YES;
				IPHONEOS_DEPLOYMENT_TARGET = 18.5;
				LOCALIZATION_PREFERS_STRING_CATALOGS = YES;
				MTL_ENABLE_DEBUG_INFO = NO;
				MTL_FAST_MATH = YES;
				SDKROOT = iphoneos;
				SWIFT_COMPILATION_MODE = wholemodule;
				VALIDATE_PRODUCT = YES;
			};
			name = Release;
		};
		5058E1472E38A31D00B97168 /* Debug */ = {
			isa = XCBuildConfiguration;
			buildSettings = {
				ASSETCATALOG_COMPILER_APPICON_NAME = AppIcon;
				ASSETCATALOG_COMPILER_GLOBAL_ACCENT_COLOR_NAME = AccentColor;
				CODE_SIGN_STYLE = Automatic;
				CURRENT_PROJECT_VERSION = 1;
				ENABLE_PREVIEWS = YES;
				GENERATE_INFOPLIST_FILE = YES;
				INFOPLIST_KEY_UIApplicationSceneManifest_Generation = YES;
				INFOPLIST_KEY_UIApplicationSupportsIndirectInputEvents = YES;
				INFOPLIST_KEY_UILaunchScreen_Generation = YES;
				INFOPLIST_KEY_UISupportedInterfaceOrientations_iPad = "UIInterfaceOrientationPortrait UIInterfaceOrientationPortraitUpsideDown UIInterfaceOrientationLandscapeLeft UIInterfaceOrientationLandscapeRight";
				INFOPLIST_KEY_UISupportedInterfaceOrientations_iPhone = "UIInterfaceOrientationPortrait UIInterfaceOrientationLandscapeLeft UIInterfaceOrientationLandscapeRight";
				LD_RUNPATH_SEARCH_PATHS = (
					"$(inherited)",
					"@executable_path/Frameworks",
				);
				MARKETING_VERSION = 1.0;
				PRODUCT_BUNDLE_IDENTIFIER = com.codingrabbit.Crawler.QuestView;
				PRODUCT_NAME = "$(TARGET_NAME)";
				SWIFT_EMIT_LOC_STRINGS = YES;
				SWIFT_VERSION = 5.0;
				TARGETED_DEVICE_FAMILY = "1,2";
			};
			name = Debug;
		};
		5058E1482E38A31D00B97168 /* Release */ = {
			isa = XCBuildConfiguration;
			buildSettings = {
				ASSETCATALOG_COMPILER_APPICON_NAME = AppIcon;
				ASSETCATALOG_COMPILER_GLOBAL_ACCENT_COLOR_NAME = AccentColor;
				CODE_SIGN_STYLE = Automatic;
				CURRENT_PROJECT_VERSION = 1;
				ENABLE_PREVIEWS = YES;
				GENERATE_INFOPLIST_FILE = YES;
				INFOPLIST_KEY_UIApplicationSceneManifest_Generation = YES;
				INFOPLIST_KEY_UIApplicationSupportsIndirectInputEvents = YES;
				INFOPLIST_KEY_UILaunchScreen_Generation = YES;
				INFOPLIST_KEY_UISupportedInterfaceOrientations_iPad = "UIInterfaceOrientationPortrait UIInterfaceOrientationPortraitUpsideDown UIInterfaceOrientationLandscapeLeft UIInterfaceOrientationLandscapeRight";
				INFOPLIST_KEY_UISupportedInterfaceOrientations_iPhone = "UIInterfaceOrientationPortrait UIInterfaceOrientationLandscapeLeft UIInterfaceOrientationLandscapeRight";
				LD_RUNPATH_SEARCH_PATHS = (
					"$(inherited)",
					"@executable_path/Frameworks",
				);
				MARKETING_VERSION = 1.0;
				PRODUCT_BUNDLE_IDENTIFIER = com.codingrabbit.Crawler.QuestView;
				PRODUCT_NAME = "$(TARGET_NAME)";
				SWIFT_EMIT_LOC_STRINGS = YES;
				SWIFT_VERSION = 5.0;
				TARGETED_DEVICE_FAMILY = "1,2";
			};
			name = Release;
		};
		5058E14A2E38A31D00B97168 /* Debug */ = {
			isa = XCBuildConfiguration;
			buildSettings = {
				BUNDLE_LOADER = "$(TEST_HOST)";
				CODE_SIGN_STYLE = Automatic;
				CURRENT_PROJECT_VERSION = 1;
				GENERATE_INFOPLIST_FILE = YES;
				IPHONEOS_DEPLOYMENT_TARGET = 18.5;
				MARKETING_VERSION = 1.0;
				PRODUCT_BUNDLE_IDENTIFIER = com.codingrabbit.Crawler.QuestViewTests;
				PRODUCT_NAME = "$(TARGET_NAME)";
				SWIFT_EMIT_LOC_STRINGS = NO;
				SWIFT_VERSION = 5.0;
				TARGETED_DEVICE_FAMILY = "1,2";
				TEST_HOST = "$(BUILT_PRODUCTS_DIR)/QuestView.app/$(BUNDLE_EXECUTABLE_FOLDER_PATH)/QuestView";
			};
			name = Debug;
		};
		5058E14B2E38A31D00B97168 /* Release */ = {
			isa = XCBuildConfiguration;
			buildSettings = {
				BUNDLE_LOADER = "$(TEST_HOST)";
				CODE_SIGN_STYLE = Automatic;
				CURRENT_PROJECT_VERSION = 1;
				GENERATE_INFOPLIST_FILE = YES;
				IPHONEOS_DEPLOYMENT_TARGET = 18.5;
				MARKETING_VERSION = 1.0;
				PRODUCT_BUNDLE_IDENTIFIER = com.codingrabbit.Crawler.QuestViewTests;
				PRODUCT_NAME = "$(TARGET_NAME)";
				SWIFT_EMIT_LOC_STRINGS = NO;
				SWIFT_VERSION = 5.0;
				TARGETED_DEVICE_FAMILY = "1,2";
				TEST_HOST = "$(BUILT_PRODUCTS_DIR)/QuestView.app/$(BUNDLE_EXECUTABLE_FOLDER_PATH)/QuestView";
			};
			name = Release;
		};
		5058E14D2E38A31D00B97168 /* Debug */ = {
			isa = XCBuildConfiguration;
			buildSettings = {
				CODE_SIGN_STYLE = Automatic;
				CURRENT_PROJECT_VERSION = 1;
				GENERATE_INFOPLIST_FILE = YES;
				MARKETING_VERSION = 1.0;
				PRODUCT_BUNDLE_IDENTIFIER = com.codingrabbit.Crawler.QuestViewUITests;
				PRODUCT_NAME = "$(TARGET_NAME)";
				SWIFT_EMIT_LOC_STRINGS = NO;
				SWIFT_VERSION = 5.0;
				TARGETED_DEVICE_FAMILY = "1,2";
				TEST_TARGET_NAME = QuestView;
			};
			name = Debug;
		};
		5058E14E2E38A31D00B97168 /* Release */ = {
			isa = XCBuildConfiguration;
			buildSettings = {
				CODE_SIGN_STYLE = Automatic;
				CURRENT_PROJECT_VERSION = 1;
				GENERATE_INFOPLIST_FILE = YES;
				MARKETING_VERSION = 1.0;
				PRODUCT_BUNDLE_IDENTIFIER = com.codingrabbit.Crawler.QuestViewUITests;
				PRODUCT_NAME = "$(TARGET_NAME)";
				SWIFT_EMIT_LOC_STRINGS = NO;
				SWIFT_VERSION = 5.0;
				TARGETED_DEVICE_FAMILY = "1,2";
				TEST_TARGET_NAME = QuestView;
			};
			name = Release;
		};
/* End XCBuildConfiguration section */

/* Begin XCConfigurationList section */
		5058E1202E38A31C00B97168 /* Build configuration list for PBXProject "QuestView" */ = {
			isa = XCConfigurationList;
			buildConfigurations = (
				5058E1442E38A31D00B97168 /* Debug */,
				5058E1452E38A31D00B97168 /* Release */,
			);
			defaultConfigurationIsVisible = 0;
			defaultConfigurationName = Release;
		};
		5058E1462E38A31D00B97168 /* Build configuration list for PBXNativeTarget "QuestView" */ = {
			isa = XCConfigurationList;
			buildConfigurations = (
				5058E1472E38A31D00B97168 /* Debug */,
				5058E1482E38A31D00B97168 /* Release */,
			);
			defaultConfigurationIsVisible = 0;
			defaultConfigurationName = Release;
		};
		5058E1492E38A31D00B97168 /* Build configuration list for PBXNativeTarget "QuestViewTests" */ = {
			isa = XCConfigurationList;
			buildConfigurations = (
				5058E14A2E38A31D00B97168 /* Debug */,
				5058E14B2E38A31D00B97168 /* Release */,
			);
			defaultConfigurationIsVisible = 0;
			defaultConfigurationName = Release;
		};
		5058E14C2E38A31D00B97168 /* Build configuration list for PBXNativeTarget "QuestViewUITests" */ = {
			isa = XCConfigurationList;
			buildConfigurations = (
				5058E14D2E38A31D00B97168 /* Debug */,
				5058E14E2E38A31D00B97168 /* Release */,
			);
			defaultConfigurationIsVisible = 0;
			defaultConfigurationName = Release;
		};
/* End XCConfigurationList section */
	};
	rootObject = 5058E11D2E38A31C00B97168 /* Project object */;
}
